{
    "name": "vanilla-typescript-tsc",
    "lockfileVersion": 3,
    "requires": true,
    "packages": {
        "": {
            "license": "MIT",
            "dependencies": {
                "hyper-express": "^6.5.5",
                "rttist": "^1.0.0-alpha.7"
            },
            "devDependencies": {
                "tst-reflect-transformer": "1.0.0-alpha.10",
                "ttypescript": "^1.5.15",
                "typescript": "^4.9.5"
            }
        },
        "node_modules/@cspotcode/source-map-support": {
            "version": "0.8.1",
            "resolved": "https://registry.npmjs.org/@cspotcode/source-map-support/-/source-map-support-0.8.1.tgz",
            "integrity": "sha512-IchNf6dN4tHoMFIn/7OE8LWZ19Y6q/67Bmf6vnGREv8RSbBVb9LPJxEcnwrcwX6ixSvaiGoomAUvu4YSxXrVgw==",
            "dev": true,
            "peer": true,
            "dependencies": {
                "@jridgewell/trace-mapping": "0.3.9"
            },
            "engines": {
                "node": ">=12"
            }
        },
        "node_modules/@jridgewell/resolve-uri": {
            "version": "3.1.1",
            "resolved": "https://registry.npmjs.org/@jridgewell/resolve-uri/-/resolve-uri-3.1.1.tgz",
            "integrity": "sha512-dSYZh7HhCDtCKm4QakX0xFpsRDqjjtZf/kjI/v3T3Nwt5r8/qz/M19F9ySyOqU94SXBmeG9ttTul+YnR4LOxFA==",
            "dev": true,
            "peer": true,
            "engines": {
                "node": ">=6.0.0"
            }
        },
        "node_modules/@jridgewell/sourcemap-codec": {
            "version": "1.4.15",
            "resolved": "https://registry.npmjs.org/@jridgewell/sourcemap-codec/-/sourcemap-codec-1.4.15.tgz",
            "integrity": "sha512-eF2rxCRulEKXHTRiDrDy6erMYWqNw4LPdQ8UQA4huuxaQsVeRPFl2oM8oDGxMFhJUWZf9McpLtJasDDZb/Bpeg==",
            "dev": true,
            "peer": true
        },
        "node_modules/@jridgewell/trace-mapping": {
            "version": "0.3.9",
            "resolved": "https://registry.npmjs.org/@jridgewell/trace-mapping/-/trace-mapping-0.3.9.tgz",
            "integrity": "sha512-3Belt6tdc8bPgAtbcmdtNJlirVoTmEb5e2gC94PnkwEW9jI6CAHUeoG85tjWP5WquqfavoMtMwiG4P926ZKKuQ==",
            "dev": true,
            "peer": true,
            "dependencies": {
                "@jridgewell/resolve-uri": "^3.0.3",
                "@jridgewell/sourcemap-codec": "^1.4.10"
            }
        },
        "node_modules/@netleaf/common": {
            "version": "0.2.1",
            "resolved": "https://registry.npmjs.org/@netleaf/common/-/common-0.2.1.tgz",
            "integrity": "sha512-t7gzx1rwlJqkOoVDYMeKxPwNnc9JdB6s83JoIpkOniaegAMu+TYzhpNYs6fnt9/AWvyBnMjF3KitUbIWkh4anA==",
            "dev": true,
            "engines": {
                "node": ">=14"
            }
        },
        "node_modules/@netleaf/extensions-configuration": {
            "version": "0.5.2",
            "resolved": "https://registry.npmjs.org/@netleaf/extensions-configuration/-/extensions-configuration-0.5.2.tgz",
            "integrity": "sha512-jd6eUnuNIlRbi0w206zOeytIx1DTxEPM7qC3cEQv2PtaVvYZqC0BQwL/7g9/uMVKNFds9Z3Ay0ZIzj/eJ7W3YA==",
            "dev": true,
            "dependencies": {
                "@netleaf/common": "^0.2.1",
                "@netleaf/extensions-file-provider": "^0.3.2",
                "json5": "^2.2.0",
                "minimist": "^1.2.6"
            },
            "engines": {
                "node": ">=14"
            },
            "peerDependencies": {
                "deasync": "^0.1.28"
            }
        },
        "node_modules/@netleaf/extensions-file-provider": {
            "version": "0.3.2",
            "resolved": "https://registry.npmjs.org/@netleaf/extensions-file-provider/-/extensions-file-provider-0.3.2.tgz",
            "integrity": "sha512-gAmTHqPL1oETGOczcvSGMmD+hFt1ncA4r2bbisXIV2QPShpDrYuc1erCd7p/oRItNKbwQKuLC7A8uIG90YPMbQ==",
            "dev": true,
            "dependencies": {
                "@netleaf/common": "^0.2.1"
            },
            "engines": {
                "node": ">=14"
            }
        },
        "node_modules/@rttist/core": {
            "version": "1.0.0-alpha.3",
            "resolved": "https://registry.npmjs.org/@rttist/core/-/core-1.0.0-alpha.3.tgz",
            "integrity": "sha512-ZgvbNIVXjk+kuVBSnenpC6e5Xa+XfIQpfKPXiTrR9OB2WVmZGDtp8T9UBZGTRumS+o7KLsnkaHfP4vWyQ65Ogw=="
        },
        "node_modules/@tsconfig/node10": {
            "version": "1.0.9",
            "resolved": "https://registry.npmjs.org/@tsconfig/node10/-/node10-1.0.9.tgz",
            "integrity": "sha512-jNsYVVxU8v5g43Erja32laIDHXeoNvFEpX33OK4d6hljo3jDhCBDhx5dhCCTMWUojscpAagGiRkBKxpdl9fxqA==",
            "dev": true,
            "peer": true
        },
        "node_modules/@tsconfig/node12": {
            "version": "1.0.11",
            "resolved": "https://registry.npmjs.org/@tsconfig/node12/-/node12-1.0.11.tgz",
            "integrity": "sha512-cqefuRsh12pWyGsIoBKJA9luFu3mRxCA+ORZvA4ktLSzIuCUtWVxGIuXigEwO5/ywWFMZ2QEGKWvkZG1zDMTag==",
            "dev": true,
            "peer": true
        },
        "node_modules/@tsconfig/node14": {
            "version": "1.0.3",
            "resolved": "https://registry.npmjs.org/@tsconfig/node14/-/node14-1.0.3.tgz",
            "integrity": "sha512-ysT8mhdixWK6Hw3i1V2AeRqZ5WfXg1G43mqoYlM2nc6388Fq5jcXyr5mRsqViLx/GJYdoL0bfXD8nmF+Zn/Iow==",
            "dev": true,
            "peer": true
        },
        "node_modules/@tsconfig/node16": {
            "version": "1.0.4",
            "resolved": "https://registry.npmjs.org/@tsconfig/node16/-/node16-1.0.4.tgz",
            "integrity": "sha512-vxhUy4J8lyeyinH7Azl1pdd43GJhZH/tP2weN8TntQblOY+A0XbT8DJk1/oCPuOOyg/Ja757rG0CgHcWC8OfMA==",
            "dev": true,
            "peer": true
        },
        "node_modules/@types/body-parser": {
            "version": "1.19.2",
            "resolved": "https://registry.npmjs.org/@types/body-parser/-/body-parser-1.19.2.tgz",
            "integrity": "sha512-ALYone6pm6QmwZoAgeyNksccT9Q4AWZQ6PvfwR37GT6r6FWUPguq6sUmNGSMV2Wr761oQoBxwGGa6DR5o1DC9g==",
            "dependencies": {
                "@types/connect": "*",
                "@types/node": "*"
            }
        },
        "node_modules/@types/busboy": {
            "version": "0.3.2",
            "resolved": "https://registry.npmjs.org/@types/busboy/-/busboy-0.3.2.tgz",
            "integrity": "sha512-iEvdm9Z9KdSs/ozuh1Z7ZsXrOl8F4M/CLMXPZHr3QuJ4d6Bjn+HBMC5EMKpwpAo8oi8iK9GZfFoHaIMrrZgwVw==",
            "dependencies": {
                "@types/node": "*"
            }
        },
        "node_modules/@types/connect": {
            "version": "3.4.35",
            "resolved": "https://registry.npmjs.org/@types/connect/-/connect-3.4.35.tgz",
            "integrity": "sha512-cdeYyv4KWoEgpBISTxWvqYsVy444DOqehiF3fM3ne10AmJ62RSyNkUnxMJXHQWRQQX2eR94m5y1IZyDwBjV9FQ==",
            "dependencies": {
                "@types/node": "*"
            }
        },
        "node_modules/@types/express": {
            "version": "4.17.17",
            "resolved": "https://registry.npmjs.org/@types/express/-/express-4.17.17.tgz",
            "integrity": "sha512-Q4FmmuLGBG58btUnfS1c1r/NQdlp3DMfGDGig8WhfpA2YRUtEkxAjkZb0yvplJGYdF1fsQ81iMDcH24sSCNC/Q==",
            "dependencies": {
                "@types/body-parser": "*",
                "@types/express-serve-static-core": "^4.17.33",
                "@types/qs": "*",
                "@types/serve-static": "*"
            }
        },
        "node_modules/@types/express-serve-static-core": {
            "version": "4.17.35",
            "resolved": "https://registry.npmjs.org/@types/express-serve-static-core/-/express-serve-static-core-4.17.35.tgz",
            "integrity": "sha512-wALWQwrgiB2AWTT91CB62b6Yt0sNHpznUXeZEcnPU3DRdlDIz74x8Qg1UUYKSVFi+va5vKOLYRBI1bRKiLLKIg==",
            "dependencies": {
                "@types/node": "*",
                "@types/qs": "*",
                "@types/range-parser": "*",
                "@types/send": "*"
            }
        },
        "node_modules/@types/http-errors": {
            "version": "2.0.1",
            "resolved": "https://registry.npmjs.org/@types/http-errors/-/http-errors-2.0.1.tgz",
            "integrity": "sha512-/K3ds8TRAfBvi5vfjuz8y6+GiAYBZ0x4tXv1Av6CWBWn0IlADc+ZX9pMq7oU0fNQPnBwIZl3rmeLp6SBApbxSQ=="
        },
        "node_modules/@types/mime": {
            "version": "1.3.2",
            "resolved": "https://registry.npmjs.org/@types/mime/-/mime-1.3.2.tgz",
            "integrity": "sha512-YATxVxgRqNH6nHEIsvg6k2Boc1JHI9ZbH5iWFFv/MTkchz3b1ieGDa5T0a9RznNdI0KhVbdbWSN+KWWrQZRxTw=="
        },
        "node_modules/@types/node": {
            "version": "20.4.1",
            "resolved": "https://registry.npmjs.org/@types/node/-/node-20.4.1.tgz",
            "integrity": "sha512-JIzsAvJeA/5iY6Y/OxZbv1lUcc8dNSE77lb2gnBH+/PJ3lFR1Ccvgwl5JWnHAkNHcRsT0TbpVOsiMKZ1F/yyJg=="
        },
        "node_modules/@types/qs": {
            "version": "6.9.7",
            "resolved": "https://registry.npmjs.org/@types/qs/-/qs-6.9.7.tgz",
            "integrity": "sha512-FGa1F62FT09qcrueBA6qYTrJPVDzah9a+493+o2PCXsesWHIn27G98TsSMs3WPNbZIEj4+VJf6saSFpvD+3Zsw=="
        },
        "node_modules/@types/range-parser": {
            "version": "1.2.4",
            "resolved": "https://registry.npmjs.org/@types/range-parser/-/range-parser-1.2.4.tgz",
            "integrity": "sha512-EEhsLsD6UsDM1yFhAvy0Cjr6VwmpMWqFBCb9w07wVugF7w9nfajxLuVmngTIpgS6svCnm6Vaw+MZhoDCKnOfsw=="
        },
        "node_modules/@types/send": {
            "version": "0.17.1",
            "resolved": "https://registry.npmjs.org/@types/send/-/send-0.17.1.tgz",
            "integrity": "sha512-Cwo8LE/0rnvX7kIIa3QHCkcuF21c05Ayb0ZfxPiv0W8VRiZiNW/WuRupHKpqqGVGf7SUA44QSOUKaEd9lIrd/Q==",
            "dependencies": {
                "@types/mime": "^1",
                "@types/node": "*"
            }
        },
        "node_modules/@types/serve-static": {
            "version": "1.15.2",
            "resolved": "https://registry.npmjs.org/@types/serve-static/-/serve-static-1.15.2.tgz",
            "integrity": "sha512-J2LqtvFYCzaj8pVYKw8klQXrLLk7TBZmQ4ShlcdkELFKGwGMfevMLneMMRkMgZxotOD9wg497LpC7O8PcvAmfw==",
            "dependencies": {
                "@types/http-errors": "*",
                "@types/mime": "*",
                "@types/node": "*"
            }
        },
        "node_modules/accepts": {
            "version": "1.3.8",
            "resolved": "https://registry.npmjs.org/accepts/-/accepts-1.3.8.tgz",
            "integrity": "sha512-PYAthTa2m2VKxuvSD3DPC/Gy+U+sOA1LAuT8mkmRuvw+NACSaeXEQ+NHcVF7rONl6qcaxV3Uuemwawk+7+SJLw==",
            "dependencies": {
                "mime-types": "~2.1.34",
                "negotiator": "0.6.3"
            },
            "engines": {
                "node": ">= 0.6"
            }
        },
        "node_modules/acorn": {
            "version": "8.10.0",
            "resolved": "https://registry.npmjs.org/acorn/-/acorn-8.10.0.tgz",
            "integrity": "sha512-F0SAmZ8iUtS//m8DmCTA0jlh6TDKkHQyK6xc6V4KDTyZKA9dnvX9/3sRTVQrWm79glUAZbnmmNcdYwUIHWVybw==",
            "dev": true,
            "peer": true,
            "bin": {
                "acorn": "bin/acorn"
            },
            "engines": {
                "node": ">=0.4.0"
            }
        },
        "node_modules/acorn-walk": {
            "version": "8.2.0",
            "resolved": "https://registry.npmjs.org/acorn-walk/-/acorn-walk-8.2.0.tgz",
            "integrity": "sha512-k+iyHEuPgSw6SbuDpGQM+06HQUa04DZ3o+F6CSzXMvvI5KMvnaEqXe+YVe555R9nn6GPt404fos4wcgpw12SDA==",
            "dev": true,
            "peer": true,
            "engines": {
                "node": ">=0.4.0"
            }
        },
        "node_modules/arg": {
            "version": "4.1.3",
            "resolved": "https://registry.npmjs.org/arg/-/arg-4.1.3.tgz",
            "integrity": "sha512-58S9QDqG0Xx27YwPSt9fJxivjYl432YCwfDMfZ+71RAqUrZef7LrKQZ3LHLOwCS4FLNBplP533Zx895SeOCHvA==",
            "dev": true,
            "peer": true
        },
        "node_modules/balanced-match": {
            "version": "1.0.2",
            "resolved": "https://registry.npmjs.org/balanced-match/-/balanced-match-1.0.2.tgz",
            "integrity": "sha512-3oSeUO0TMV67hN1AmbXsK4yaqU7tjiHlbxRDZOpH0KW9+CeX4bRAaX0Anxt0tx2MrpRpWwQaPwIlISEJhYU5Pw==",
            "dev": true
        },
        "node_modules/base32768": {
            "version": "3.0.1",
            "resolved": "https://registry.npmjs.org/base32768/-/base32768-3.0.1.tgz",
            "integrity": "sha512-dNGY49X0IKN1kDl9y/6sii1Vced+f+4uAqOeRz/PshjNdPwSD+ntnHOg/YgDbLSZetp94d/XxGdpfbXDKv8BVQ==",
            "dev": true
        },
        "node_modules/bindings": {
            "version": "1.5.0",
            "resolved": "https://registry.npmjs.org/bindings/-/bindings-1.5.0.tgz",
            "integrity": "sha512-p2q/t/mhvuOj/UeLlV6566GD/guowlr0hHxClI0W9m7MWYkL1F0hLo+0Aexs9HSPCtR1SXQ0TD3MMKrXZajbiQ==",
            "dev": true,
            "dependencies": {
                "file-uri-to-path": "1.0.0"
            }
        },
        "node_modules/brace-expansion": {
            "version": "2.0.1",
            "resolved": "https://registry.npmjs.org/brace-expansion/-/brace-expansion-2.0.1.tgz",
            "integrity": "sha512-XnAIvQ8eM+kC6aULx6wuQiwVsnzsi9d3WxzV3FpWTGA19F621kwdbsAcFKXgKUHZWsy+mY6iL1sHTxWEFCytDA==",
            "dev": true,
            "dependencies": {
                "balanced-match": "^1.0.0"
            }
        },
        "node_modules/busboy": {
            "version": "1.6.0",
            "resolved": "https://registry.npmjs.org/busboy/-/busboy-1.6.0.tgz",
            "integrity": "sha512-8SFQbg/0hQ9xy3UNTB0YEnsNBbWfhf7RtnzpL7TkBiTBRfrQ9Fxcnz7VJsleJpyp6rVLvXiuORqjlHi5q+PYuA==",
            "dependencies": {
                "streamsearch": "^1.1.0"
            },
            "engines": {
                "node": ">=10.16.0"
            }
        },
        "node_modules/cookie": {
            "version": "0.4.2",
            "resolved": "https://registry.npmjs.org/cookie/-/cookie-0.4.2.tgz",
            "integrity": "sha512-aSWTXFzaKWkvHO1Ny/s+ePFpvKsPnjc551iI41v3ny/ow6tBG5Vd+FuqGNhh1LxOmVzOlGUriIlOaokOvhaStA==",
            "engines": {
                "node": ">= 0.6"
            }
        },
        "node_modules/cookie-signature": {
            "version": "1.2.1",
            "resolved": "https://registry.npmjs.org/cookie-signature/-/cookie-signature-1.2.1.tgz",
            "integrity": "sha512-78KWk9T26NhzXtuL26cIJ8/qNHANyJ/ZYrmEXFzUmhZdjpBv+DlWlOANRTGBt48YcyslsLrj0bMLFTmXvLRCOw==",
            "engines": {
                "node": ">=6.6.0"
            }
        },
        "node_modules/create-require": {
            "version": "1.1.1",
            "resolved": "https://registry.npmjs.org/create-require/-/create-require-1.1.1.tgz",
            "integrity": "sha512-dcKFX3jn0MpIaXjisoRvexIJVEKzaq7z2rZKxf+MSr9TkdmHmsU4m2lcLojrj/FHl8mk5VxMmYA+ftRkP/3oKQ==",
            "dev": true,
            "peer": true
        },
        "node_modules/deasync": {
            "version": "0.1.28",
            "resolved": "https://registry.npmjs.org/deasync/-/deasync-0.1.28.tgz",
            "integrity": "sha512-QqLF6inIDwiATrfROIyQtwOQxjZuek13WRYZ7donU5wJPLoP67MnYxA6QtqdvdBy2mMqv5m3UefBVdJjvevOYg==",
            "dev": true,
            "hasInstallScript": true,
            "dependencies": {
                "bindings": "^1.5.0",
                "node-addon-api": "^1.7.1"
            },
            "engines": {
                "node": ">=0.11.0"
            }
        },
        "node_modules/diff": {
            "version": "4.0.2",
            "resolved": "https://registry.npmjs.org/diff/-/diff-4.0.2.tgz",
            "integrity": "sha512-58lmxKSA4BNyLz+HHMUzlOEpg09FV+ev6ZMe3vJihgdxzgcwZ8VoEEPmALCZG9LmqfVoNMMKpttIYTVG6uDY7A==",
            "dev": true,
            "peer": true,
            "engines": {
                "node": ">=0.3.1"
            }
        },
        "node_modules/file-uri-to-path": {
            "version": "1.0.0",
            "resolved": "https://registry.npmjs.org/file-uri-to-path/-/file-uri-to-path-1.0.0.tgz",
            "integrity": "sha512-0Zt+s3L7Vf1biwWZ29aARiVYLx7iMGnEUl9x33fbB/j3jR81u/O2LbqK+Bm1CDSNDKVtJ/YjwY7TUd5SkeLQLw==",
            "dev": true
        },
        "node_modules/function-bind": {
            "version": "1.1.1",
            "resolved": "https://registry.npmjs.org/function-bind/-/function-bind-1.1.1.tgz",
            "integrity": "sha512-yIovAzMX49sF8Yl58fSCWJ5svSLuaibPxXQJFLmBObTuCr0Mf1KiPopGM9NiFjiYBCbfaa2Fh6breQ6ANVTI0A==",
            "dev": true
        },
        "node_modules/has": {
            "version": "1.0.3",
            "resolved": "https://registry.npmjs.org/has/-/has-1.0.3.tgz",
            "integrity": "sha512-f2dvO0VU6Oej7RkWJGrehjbzMAjFp5/VKPp5tTpWIV4JHHZK1/BxbFRtf/siA2SWTe09caDmVtYYzWEIbBS4zw==",
            "dev": true,
            "dependencies": {
                "function-bind": "^1.1.1"
            },
            "engines": {
                "node": ">= 0.4.0"
            }
        },
        "node_modules/hyper-express": {
            "version": "6.7.1",
            "resolved": "https://registry.npmjs.org/hyper-express/-/hyper-express-6.7.1.tgz",
            "integrity": "sha512-QjcHXsMZ/ujoTOp6yI9r1OOw14CloghO4iHxlRyUEmTwhVW4p+2Ak8iNrpsdDUV/MczhYNGkQ5Rw3lm+yGSoeA==",
            "dependencies": {
                "@types/busboy": "^0.3.1",
                "@types/express": "^4.17.13",
                "@types/node": "^16.11.6",
                "accepts": "^1.3.7",
                "busboy": "^1.0.0",
                "cookie": "^0.4.1",
                "cookie-signature": "^1.1.0",
                "mime-types": "^2.1.33",
                "range-parser": "^1.2.1",
                "type-is": "^1.6.18",
                "typed-emitter": "^2.1.0",
                "uWebSockets.js": "github:uNetworking/uWebSockets.js#v20.25.0"
            }
        },
        "node_modules/hyper-express/node_modules/@types/node": {
            "version": "16.18.38",
            "resolved": "https://registry.npmjs.org/@types/node/-/node-16.18.38.tgz",
            "integrity": "sha512-6sfo1qTulpVbkxECP+AVrHV9OoJqhzCsfTNp5NIG+enM4HyM3HvZCO798WShIXBN0+QtDIcutJCjsVYnQP5rIQ=="
        },
        "node_modules/is-core-module": {
            "version": "2.12.1",
            "resolved": "https://registry.npmjs.org/is-core-module/-/is-core-module-2.12.1.tgz",
            "integrity": "sha512-Q4ZuBAe2FUsKtyQJoQHlvP8OvBERxO3jEmy1I7hcRXcJBGGHFh/aJBswbXuS9sgrDH2QUO8ilkwNPHvHMd8clg==",
            "dev": true,
            "dependencies": {
                "has": "^1.0.3"
            },
            "funding": {
                "url": "https://github.com/sponsors/ljharb"
            }
        },
        "node_modules/json5": {
            "version": "2.2.3",
            "resolved": "https://registry.npmjs.org/json5/-/json5-2.2.3.tgz",
            "integrity": "sha512-XmOWe7eyHYH14cLdVPoyg+GOH3rYX++KpzrylJwSW98t3Nk+U8XOl8FWKOgwtzdb8lXGf6zYwDUzeHMWfxasyg==",
            "dev": true,
            "bin": {
                "json5": "lib/cli.js"
            },
            "engines": {
                "node": ">=6"
            }
        },
        "node_modules/make-error": {
            "version": "1.3.6",
            "resolved": "https://registry.npmjs.org/make-error/-/make-error-1.3.6.tgz",
            "integrity": "sha512-s8UhlNe7vPKomQhC1qFelMokr/Sc3AgNbso3n74mVPA5LTZwkB9NlXf4XPamLxJE8h0gh73rM94xvwRT2CVInw==",
            "dev": true,
            "peer": true
        },
        "node_modules/media-typer": {
            "version": "0.3.0",
            "resolved": "https://registry.npmjs.org/media-typer/-/media-typer-0.3.0.tgz",
            "integrity": "sha512-dq+qelQ9akHpcOl/gUVRTxVIOkAJ1wR3QAvb4RsVjS8oVoFjDGTc679wJYmUmknUF5HwMLOgb5O+a3KxfWapPQ==",
            "engines": {
                "node": ">= 0.6"
            }
        },
        "node_modules/mime-db": {
            "version": "1.52.0",
            "resolved": "https://registry.npmjs.org/mime-db/-/mime-db-1.52.0.tgz",
            "integrity": "sha512-sPU4uV7dYlvtWJxwwxHD0PuihVNiE7TyAbQ5SWxDCB9mUYvOgroQOwYQQOKPJ8CIbE+1ETVlOoK1UC2nU3gYvg==",
            "engines": {
                "node": ">= 0.6"
            }
        },
        "node_modules/mime-types": {
            "version": "2.1.35",
            "resolved": "https://registry.npmjs.org/mime-types/-/mime-types-2.1.35.tgz",
            "integrity": "sha512-ZDY+bPm5zTTF+YpCrAU9nK0UgICYPT0QtT1NZWFv4s++TNkcgVaT0g6+4R2uI4MjQjzysHB1zxuWL50hzaeXiw==",
            "dependencies": {
                "mime-db": "1.52.0"
            },
            "engines": {
                "node": ">= 0.6"
            }
        },
        "node_modules/minimatch": {
            "version": "6.2.0",
            "resolved": "https://registry.npmjs.org/minimatch/-/minimatch-6.2.0.tgz",
            "integrity": "sha512-sauLxniAmvnhhRjFwPNnJKaPFYyddAgbYdeUpHULtCT/GhzdCx/MDNy+Y40lBxTQUrMzDE8e0S43Z5uqfO0REg==",
            "dev": true,
            "dependencies": {
                "brace-expansion": "^2.0.1"
            },
            "engines": {
                "node": ">=10"
            },
            "funding": {
                "url": "https://github.com/sponsors/isaacs"
            }
        },
        "node_modules/minimist": {
            "version": "1.2.8",
            "resolved": "https://registry.npmjs.org/minimist/-/minimist-1.2.8.tgz",
            "integrity": "sha512-2yyAR8qBkN3YuheJanUpWC5U3bb5osDywNB8RzDVlDwDHbocAJveqqj1u8+SVD7jkWT4yvsHCpWqqWqAxb0zCA==",
            "dev": true,
            "funding": {
                "url": "https://github.com/sponsors/ljharb"
            }
        },
        "node_modules/negotiator": {
            "version": "0.6.3",
            "resolved": "https://registry.npmjs.org/negotiator/-/negotiator-0.6.3.tgz",
            "integrity": "sha512-+EUsqGPLsM+j/zdChZjsnX51g4XrHFOIXwfnCVPGlQk/k5giakcKsuxCObBRu6DSm9opw/O6slWbJdghQM4bBg==",
            "engines": {
                "node": ">= 0.6"
            }
        },
        "node_modules/node-addon-api": {
            "version": "1.7.2",
            "resolved": "https://registry.npmjs.org/node-addon-api/-/node-addon-api-1.7.2.tgz",
            "integrity": "sha512-ibPK3iA+vaY1eEjESkQkM0BbCqFOaZMiXRTtdB0u7b4djtY6JnsjvPdUHVMg6xQt3B8fpTTWHI9A+ADjM9frzg==",
            "dev": true
        },
        "node_modules/path-parse": {
            "version": "1.0.7",
            "resolved": "https://registry.npmjs.org/path-parse/-/path-parse-1.0.7.tgz",
            "integrity": "sha512-LDJzPVEEEPR+y48z93A0Ed0yXb8pAByGWo/k5YYdYgpY2/2EsOsksJrq7lOHxryrVOn1ejG6oAp8ahvOIQD8sw==",
            "dev": true
        },
        "node_modules/range-parser": {
            "version": "1.2.1",
            "resolved": "https://registry.npmjs.org/range-parser/-/range-parser-1.2.1.tgz",
            "integrity": "sha512-Hrgsx+orqoygnmhFbKaHE6c296J+HTAQXoxEF6gNupROmmGJRoyzfG3ccAveqCBrwr/2yxQ5BVd/GTl5agOwSg==",
            "engines": {
                "node": ">= 0.6"
            }
        },
        "node_modules/resolve": {
            "version": "1.22.2",
            "resolved": "https://registry.npmjs.org/resolve/-/resolve-1.22.2.tgz",
            "integrity": "sha512-Sb+mjNHOULsBv818T40qSPeRiuWLyaGMa5ewydRLFimneixmVy2zdivRl+AF6jaYPC8ERxGDmFSiqui6SfPd+g==",
            "dev": true,
            "dependencies": {
                "is-core-module": "^2.11.0",
                "path-parse": "^1.0.7",
                "supports-preserve-symlinks-flag": "^1.0.0"
            },
            "bin": {
                "resolve": "bin/resolve"
            },
            "funding": {
                "url": "https://github.com/sponsors/ljharb"
            }
        },
        "node_modules/rttist": {
            "version": "1.0.0-alpha.7",
            "resolved": "https://registry.npmjs.org/rttist/-/rttist-1.0.0-alpha.7.tgz",
            "integrity": "sha512-JHk9xzG1ZXbRM555YaNdoMBVH1Wyf7d8BJgoMQJzZGVAEPYlUukLMcijgXeBNPmS/nArhE3hpn0VAixQvxxfnw==",
            "dependencies": {
                "@rttist/core": "^1.0.0-alpha.3"
            }
        },
        "node_modules/rxjs": {
            "version": "7.8.1",
            "resolved": "https://registry.npmjs.org/rxjs/-/rxjs-7.8.1.tgz",
            "integrity": "sha512-AA3TVj+0A2iuIoQkWEK/tqFjBq2j+6PO6Y0zJcvzLAFhEFIO3HL0vls9hWLncZbAAbK0mar7oZ4V079I/qPMxg==",
            "optional": true,
            "dependencies": {
                "tslib": "^2.1.0"
            }
        },
        "node_modules/streamsearch": {
            "version": "1.1.0",
            "resolved": "https://registry.npmjs.org/streamsearch/-/streamsearch-1.1.0.tgz",
            "integrity": "sha512-Mcc5wHehp9aXz1ax6bZUyY5afg9u2rv5cqQI3mRrYkGC8rW2hM02jWuwjtL++LS5qinSyhj2QfLyNsuc+VsExg==",
            "engines": {
                "node": ">=10.0.0"
            }
        },
        "node_modules/supports-preserve-symlinks-flag": {
            "version": "1.0.0",
            "resolved": "https://registry.npmjs.org/supports-preserve-symlinks-flag/-/supports-preserve-symlinks-flag-1.0.0.tgz",
            "integrity": "sha512-ot0WnXS9fgdkgIcePe6RHNk1WA8+muPa6cSjeR3V8K27q9BB1rTE3R1p7Hv0z1ZyAc8s6Vvv8DIyWf681MAt0w==",
            "dev": true,
            "engines": {
                "node": ">= 0.4"
            },
            "funding": {
                "url": "https://github.com/sponsors/ljharb"
            }
        },
        "node_modules/ts-node": {
            "version": "10.9.1",
            "resolved": "https://registry.npmjs.org/ts-node/-/ts-node-10.9.1.tgz",
            "integrity": "sha512-NtVysVPkxxrwFGUUxGYhfux8k78pQB3JqYBXlLRZgdGUqTO5wU/UyHop5p70iEbGhB7q5KmiZiU0Y3KlJrScEw==",
            "dev": true,
            "peer": true,
            "dependencies": {
                "@cspotcode/source-map-support": "^0.8.0",
                "@tsconfig/node10": "^1.0.7",
                "@tsconfig/node12": "^1.0.7",
                "@tsconfig/node14": "^1.0.0",
                "@tsconfig/node16": "^1.0.2",
                "acorn": "^8.4.1",
                "acorn-walk": "^8.1.1",
                "arg": "^4.1.0",
                "create-require": "^1.1.0",
                "diff": "^4.0.1",
                "make-error": "^1.1.1",
                "v8-compile-cache-lib": "^3.0.1",
                "yn": "3.1.1"
            },
            "bin": {
                "ts-node": "dist/bin.js",
                "ts-node-cwd": "dist/bin-cwd.js",
                "ts-node-esm": "dist/bin-esm.js",
                "ts-node-script": "dist/bin-script.js",
                "ts-node-transpile-only": "dist/bin-transpile.js",
                "ts-script": "dist/bin-script-deprecated.js"
            },
            "peerDependencies": {
                "@swc/core": ">=1.2.50",
                "@swc/wasm": ">=1.2.50",
                "@types/node": "*",
                "typescript": ">=2.7"
            },
            "peerDependenciesMeta": {
                "@swc/core": {
                    "optional": true
                },
                "@swc/wasm": {
                    "optional": true
                }
            }
        },
        "node_modules/tslib": {
            "version": "2.6.0",
            "resolved": "https://registry.npmjs.org/tslib/-/tslib-2.6.0.tgz",
            "integrity": "sha512-7At1WUettjcSRHXCyYtTselblcHl9PJFFVKiCAy/bY97+BPZXSQ2wbq0P9s8tK2G7dFQfNnlJnPAiArVBVBsfA==",
            "optional": true
        },
        "node_modules/tst-reflect-transformer": {
            "version": "1.0.0-alpha.10",
            "resolved": "https://registry.npmjs.org/tst-reflect-transformer/-/tst-reflect-transformer-1.0.0-alpha.10.tgz",
            "integrity": "sha512-ml0LuUXm9tA9tjeO2dv4PFwvJaFpRIs70psC5qjnab1J5J0MZYsiREnzcFKiWRt9skf36Wret712HL0HHqO9YQ==",
            "dev": true,
            "dependencies": {
                "@netleaf/extensions-configuration": "^0.5.2",
                "@rttist/core": "^1.0.0-alpha.3",
                "base32768": "^3.0.1",
                "minimatch": "^6.1.6",
                "rttist": "^1.0.0-alpha.7",
                "typescript": "^4.8.0"
            },
            "optionalDependencies": {
                "deasync": "^0.1.28"
            }
        },
        "node_modules/ttypescript": {
            "version": "1.5.15",
            "resolved": "https://registry.npmjs.org/ttypescript/-/ttypescript-1.5.15.tgz",
            "integrity": "sha512-48ykDNHzFnPMnv4hYX1P8Q84TvCZyL1QlFxeuxsuZ48X2+ameBgPenvmCkHJtoOSxpoWTWi8NcgNrRnVDOmfSg==",
            "dev": true,
            "dependencies": {
                "resolve": ">=1.9.0"
            },
            "bin": {
                "ttsc": "bin/tsc",
                "ttsserver": "bin/tsserver"
            },
            "peerDependencies": {
                "ts-node": ">=8.0.2",
                "typescript": ">=3.2.2"
            }
        },
        "node_modules/type-is": {
            "version": "1.6.18",
            "resolved": "https://registry.npmjs.org/type-is/-/type-is-1.6.18.tgz",
            "integrity": "sha512-TkRKr9sUTxEH8MdfuCSP7VizJyzRNMjj2J2do2Jr3Kym598JVdEksuzPQCnlFPW4ky9Q+iA+ma9BGm06XQBy8g==",
            "dependencies": {
                "media-typer": "0.3.0",
                "mime-types": "~2.1.24"
            },
            "engines": {
                "node": ">= 0.6"
            }
        },
        "node_modules/typed-emitter": {
            "version": "2.1.0",
            "resolved": "https://registry.npmjs.org/typed-emitter/-/typed-emitter-2.1.0.tgz",
            "integrity": "sha512-g/KzbYKbH5C2vPkaXGu8DJlHrGKHLsM25Zg9WuC9pMGfuvT+X25tZQWo5fK1BjBm8+UrVE9LDCvaY0CQk+fXDA==",
            "optionalDependencies": {
                "rxjs": "*"
            }
        },
        "node_modules/typescript": {
            "version": "4.9.5",
            "resolved": "https://registry.npmjs.org/typescript/-/typescript-4.9.5.tgz",
            "integrity": "sha512-1FXk9E2Hm+QzZQ7z+McJiHL4NW1F2EzMu9Nq9i3zAaGqibafqYwCVU6WyWAuyQRRzOlxou8xZSyXLEN8oKj24g==",
            "dev": true,
            "bin": {
                "tsc": "bin/tsc",
                "tsserver": "bin/tsserver"
            },
            "engines": {
                "node": ">=4.2.0"
            }
        },
        "node_modules/uWebSockets.js": {
            "version": "20.25.0",
            "resolved": "git+ssh://git@github.com/uNetworking/uWebSockets.js.git#e6ecc2102d68d99dc35969b0898fbd201e0f252b"
        },
        "node_modules/v8-compile-cache-lib": {
            "version": "3.0.1",
            "resolved": "https://registry.npmjs.org/v8-compile-cache-lib/-/v8-compile-cache-lib-3.0.1.tgz",
            "integrity": "sha512-wa7YjyUGfNZngI/vtK0UHAN+lgDCxBPCylVXGp0zu59Fz5aiGtNXaq3DhIov063MorB+VfufLh3JlF2KdTK3xg==",
            "dev": true,
            "peer": true
        },
        "node_modules/yn": {
            "version": "3.1.1",
            "resolved": "https://registry.npmjs.org/yn/-/yn-3.1.1.tgz",
            "integrity": "sha512-Ux4ygGWsu2c7isFWe8Yu1YluJmqVhxqK2cLXNQA5AcC3QfbGNpM7fu0Y8b/z16pXLnFxZYvWhd3fhBY9DLmC6Q==",
            "dev": true,
            "peer": true,
            "engines": {
                "node": ">=6"
            }
        }
    }
}
